<?xml version="1.0" encoding="utf-8"?>
<Project ToolsVersion="4.0" xmlns="http://schemas.microsoft.com/developer/msbuild/2003">
  <ItemGroup>
    <ClCompile Include="Util.cpp">
      <Filter>Source</Filter>
    </ClCompile>
    <ClCompile Include="Audio.cpp">
      <Filter>Source</Filter>
    </ClCompile>
    <ClCompile Include="GuitarString.cpp">
      <Filter>Source</Filter>
    </ClCompile>
    <ClCompile Include="Main.cpp">
      <Filter>Source</Filter>
    </ClCompile>
    <ClCompile Include="ModelUtil.cpp">
      <Filter>Source</Filter>
    </ClCompile>
  </ItemGroup>
  <ItemGroup>
    <ClInclude Include="Util.h">
      <Filter>Headers</Filter>
    </ClInclude>
    <ClInclude Include="GuitarString.h">
      <Filter>Headers</Filter>
    </ClInclude>
    <ClInclude Include="Audio.h">
      <Filter>Headers</Filter>
    </ClInclude>
    <ClInclude Include="stb_image.h">
      <Filter>Headers\predefined</Filter>
    </ClInclude>
    <ClInclude Include="ModelUtil.h">
      <Filter>Headers</Filter>
    </ClInclude>
  </ItemGroup>
  <ItemGroup>
    <None Include="packages.config" />
    <None Include="guitar.vert">
      <Filter>Shaders\model</Filter>
    </None>
    <None Include="guitar.frag">
      <Filter>Shaders\model</Filter>
    </None>
    <None Include="texture.frag">
      <Filter>Shaders\texture</Filter>
    </None>
    <None Include="texture.vert">
      <Filter>Shaders\texture</Filter>
    </None>
    <None Include="string.frag">
      <Filter>Shaders\strings</Filter>
    </None>
    <None Include="string.vert">
      <Filter>Shaders\strings</Filter>
    </None>
    <None Include="circle.frag">
      <Filter>Shaders\circle</Filter>
    </None>
    <None Include="circle.vert">
      <Filter>Shaders\circle</Filter>
    </None>
  </ItemGroup>
  <ItemGroup>
    <Filter Include="Source">
      <UniqueIdentifier>{f5d84512-d76c-4284-bbde-0f58bae017bb}</UniqueIdentifier>
    </Filter>
    <Filter Include="Headers">
      <UniqueIdentifier>{f60e1714-8cdd-4908-a960-dfd6bdb584ec}</UniqueIdentifier>
    </Filter>
    <Filter Include="Shaders">
      <UniqueIdentifier>{17d95dc0-d14d-485f-b207-d7368ec25f8a}</UniqueIdentifier>
    </Filter>
    <Filter Include="Headers\predefined">
      <UniqueIdentifier>{be10fd76-d7d2-47e3-bbac-8052a3e8db28}</UniqueIdentifier>
    </Filter>
    <Filter Include="Shaders\model">
      <UniqueIdentifier>{d37a66d2-d4ab-4182-8466-1b3cd39e8125}</UniqueIdentifier>
    </Filter>
    <Filter Include="Shaders\texture">
      <UniqueIdentifier>{f3209ff8-97af-467a-bfd5-dc13dec1a160}</UniqueIdentifier>
    </Filter>
    <Filter Include="Shaders\strings">
      <UniqueIdentifier>{0346048b-f19a-4aba-8d63-f461a0858dc0}</UniqueIdentifier>
    </Filter>
    <Filter Include="Shaders\circle">
      <UniqueIdentifier>{c8ccc757-f921-40d8-aaf2-a875f01614ca}</UniqueIdentifier>
    </Filter>
  </ItemGroup>
</Project>